
Microsoft Visual Studio Solution File, Format Version 12.00
# Visual Studio Version 16
VisualStudioVersion = 16.0.30711.63
MinimumVisualStudioVersion = 10.0.40219.1
Project("{FAE04EC0-301F-11D3-BF4B-00C04F79EFBC}") = "Hub", "Hub\Hub.csproj", "{74154A51-F693-400A-9AF2-91ECBC8981BC}"
EndProject
Global
	GlobalSection(SolutionConfigurationPlatforms) = preSolution
		Debug|Any CPU = Debug|Any CPU
		Release|Any CPU = Release|Any CPU
	EndGlobalSection
	GlobalSection(ProjectConfigurationPlatforms) = postSolution
		{74154A51-F693-400A-9AF2-91ECBC8981BC}.Debug|Any CPU.ActiveCfg = Debug|Any CPU
		{74154A51-F693-400A-9AF2-91ECBC8981BC}.Debug|Any CPU.Build.0 = Debug|Any CPU
		{74154A51-F693-400A-9AF2-91ECBC8981BC}.Release|Any CPU.ActiveCfg = Release|Any CPU
		{74154A51-F693-400A-9AF2-91ECBC8981BC}.Release|Any CPU.Build.0 = Release|Any CPU
	EndGlobalSection
	GlobalSection(SolutionProperties) = preSolution
		HideSolutionNode = FALSE
	EndGlobalSection
	GlobalSection(ExtensibilityGlobals) = postSolution
		SolutionGuid = {B911C589-FA12-4A2D-A60A-88421F2D2577}
	EndGlobalSection
EndGlobal
